
Microsoft Visual Studio Solution File, Format Version 12.00
# Visual Studio Version 17
VisualStudioVersion = 17.7.34024.191
MinimumVisualStudioVersion = 10.0.40219.1
Project("{FAE04EC0-301F-11D3-BF4B-00C04F79EFBC}") = "Practic_10_09", "Practic_10_09.csproj", "{96C763A8-E4EB-485D-8380-A8CB037C6A45}"
EndProject
Global
	GlobalSection(SolutionConfigurationPlatforms) = preSolution
		Debug|Any CPU = Debug|Any CPU
		Release|Any CPU = Release|Any CPU
	EndGlobalSection
	GlobalSection(ProjectConfigurationPlatforms) = postSolution
		{96C763A8-E4EB-485D-8380-A8CB037C6A45}.Debug|Any CPU.ActiveCfg = Debug|Any CPU
		{96C763A8-E4EB-485D-8380-A8CB037C6A45}.Debug|Any CPU.Build.0 = Debug|Any CPU
		{96C763A8-E4EB-485D-8380-A8CB037C6A45}.Release|Any CPU.ActiveCfg = Release|Any CPU
		{96C763A8-E4EB-485D-8380-A8CB037C6A45}.Release|Any CPU.Build.0 = Release|Any CPU
	EndGlobalSection
	GlobalSection(SolutionProperties) = preSolution
		HideSolutionNode = FALSE
	EndGlobalSection
	GlobalSection(ExtensibilityGlobals) = postSolution
		SolutionGuid = {47111422-8A95-4707-9D52-79BC9E9945BD}
	EndGlobalSection
EndGlobal
